
Microsoft Visual Studio Solution File, Format Version 12.00
# Visual Studio 15
VisualStudioVersion = 15.0.28307.1738
MinimumVisualStudioVersion = 10.0.40219.1
Project("{FAE04EC0-301F-11D3-BF4B-00C04F79EFBC}") = "ArrayProblems", "ArrayProblems\ArrayProblems.csproj", "{9567D3D9-FB58-4E00-83EA-02F33D48B5EB}"
EndProject
Global
	GlobalSection(SolutionConfigurationPlatforms) = preSolution
		Debug|Any CPU = Debug|Any CPU
		Release|Any CPU = Release|Any CPU
	EndGlobalSection
	GlobalSection(ProjectConfigurationPlatforms) = postSolution
		{9567D3D9-FB58-4E00-83EA-02F33D48B5EB}.Debug|Any CPU.ActiveCfg = Debug|Any CPU
		{9567D3D9-FB58-4E00-83EA-02F33D48B5EB}.Debug|Any CPU.Build.0 = Debug|Any CPU
		{9567D3D9-FB58-4E00-83EA-02F33D48B5EB}.Release|Any CPU.ActiveCfg = Release|Any CPU
		{9567D3D9-FB58-4E00-83EA-02F33D48B5EB}.Release|Any CPU.Build.0 = Release|Any CPU
	EndGlobalSection
	GlobalSection(SolutionProperties) = preSolution
		HideSolutionNode = FALSE
	EndGlobalSection
	GlobalSection(ExtensibilityGlobals) = postSolution
		SolutionGuid = {5853C94A-0BB5-414C-937F-58D2DA674DA0}
	EndGlobalSection
EndGlobal
